
Microsoft Visual Studio Solution File, Format Version 12.00
# Visual Studio 15
VisualStudioVersion = 15.0.28307.271
MinimumVisualStudioVersion = 10.0.40219.1
Project("{FAE04EC0-301F-11D3-BF4B-00C04F79EFBC}") = "excelttest", "excelttest\excelttest.csproj", "{FCC78601-9DE7-45D2-9089-E5A914ED5EE8}"
EndProject
Global
	GlobalSection(SolutionConfigurationPlatforms) = preSolution
		Debug|Any CPU = Debug|Any CPU
		Release|Any CPU = Release|Any CPU
	EndGlobalSection
	GlobalSection(ProjectConfigurationPlatforms) = postSolution
		{FCC78601-9DE7-45D2-9089-E5A914ED5EE8}.Debug|Any CPU.ActiveCfg = Debug|Any CPU
		{FCC78601-9DE7-45D2-9089-E5A914ED5EE8}.Debug|Any CPU.Build.0 = Debug|Any CPU
		{FCC78601-9DE7-45D2-9089-E5A914ED5EE8}.Release|Any CPU.ActiveCfg = Release|Any CPU
		{FCC78601-9DE7-45D2-9089-E5A914ED5EE8}.Release|Any CPU.Build.0 = Release|Any CPU
	EndGlobalSection
	GlobalSection(SolutionProperties) = preSolution
		HideSolutionNode = FALSE
	EndGlobalSection
	GlobalSection(ExtensibilityGlobals) = postSolution
		SolutionGuid = {989B4EBF-62ED-47EC-88B2-192270944870}
	EndGlobalSection
EndGlobal
